// !$*UTF8*$!
{
	archiveVersion = 1;
	classes = {
	};
	objectVersion = 50;
	objects = {

/* Begin PBXBuildFile section */
		9769AD29264275F800500F89 /* ticTacToeAIApp.swift in Sources */ = {isa = PBXBuildFile; fileRef = 9769AD28264275F800500F89 /* ticTacToeAIApp.swift */; };
		9769AD2B264275F800500F89 /* GameView.swift in Sources */ = {isa = PBXBuildFile; fileRef = 9769AD2A264275F800500F89 /* GameView.swift */; };
		9769AD2D2642760700500F89 /* Assets.xcassets in Resources */ = {isa = PBXBuildFile; fileRef = 9769AD2C2642760700500F89 /* Assets.xcassets */; };
		9769AD302642760700500F89 /* Preview Assets.xcassets in Resources */ = {isa = PBXBuildFile; fileRef = 9769AD2F2642760700500F89 /* Preview Assets.xcassets */; };
		9769AD382642811E00500F89 /* Alerts.swift in Sources */ = {isa = PBXBuildFile; fileRef = 9769AD372642811D00500F89 /* Alerts.swift */; };
		9769AD3A2642B65200500F89 /* GameViewModel.swift in Sources */ = {isa = PBXBuildFile; fileRef = 9769AD392642B65200500F89 /* GameViewModel.swift */; };
		9769AD3C2642B86E00500F89 /* enums.swift in Sources */ = {isa = PBXBuildFile; fileRef = 9769AD3B2642B86E00500F89 /* enums.swift */; };
		978C130E264C577400B58A28 /* selectDifficulty.swift in Sources */ = {isa = PBXBuildFile; fileRef = 978C130D264C577400B58A28 /* selectDifficulty.swift */; };
		978C1310264C5D4F00B58A28 /* ContentView.swift in Sources */ = {isa = PBXBuildFile; fileRef = 978C130F264C5D4F00B58A28 /* ContentView.swift */; };
/* End PBXBuildFile section */

/* Begin PBXFileReference section */
		9769AD25264275F800500F89 /* ticTacToeAI.app */ = {isa = PBXFileReference; explicitFileType = wrapper.application; includeInIndex = 0; path = ticTacToeAI.app; sourceTree = BUILT_PRODUCTS_DIR; };
		9769AD28264275F800500F89 /* ticTacToeAIApp.swift */ = {isa = PBXFileReference; lastKnownFileType = sourcecode.swift; path = ticTacToeAIApp.swift; sourceTree = "<group>"; };
		9769AD2A264275F800500F89 /* GameView.swift */ = {isa = PBXFileReference; lastKnownFileType = sourcecode.swift; path = GameView.swift; sourceTree = "<group>"; };
		9769AD2C2642760700500F89 /* Assets.xcassets */ = {isa = PBXFileReference; lastKnownFileType = folder.assetcatalog; path = Assets.xcassets; sourceTree = "<group>"; };
		9769AD2F2642760700500F89 /* Preview Assets.xcassets */ = {isa = PBXFileReference; lastKnownFileType = folder.assetcatalog; path = "Preview Assets.xcassets"; sourceTree = "<group>"; };
		9769AD312642760700500F89 /* Info.plist */ = {isa = PBXFileReference; lastKnownFileType = text.plist.xml; path = Info.plist; sourceTree = "<group>"; };
		9769AD372642811D00500F89 /* Alerts.swift */ = {isa = PBXFileReference; lastKnownFileType = sourcecode.swift; path = Alerts.swift; sourceTree = "<group>"; };
		9769AD392642B65200500F89 /* GameViewModel.swift */ = {isa = PBXFileReference; lastKnownFileType = sourcecode.swift; path = GameViewModel.swift; sourceTree = "<group>"; };
		9769AD3B2642B86E00500F89 /* enums.swift */ = {isa = PBXFileReference; lastKnownFileType = sourcecode.swift; path = enums.swift; sourceTree = "<group>"; };
		978C130D264C577400B58A28 /* selectDifficulty.swift */ = {isa = PBXFileReference; lastKnownFileType = sourcecode.swift; path = selectDifficulty.swift; sourceTree = "<group>"; };
		978C130F264C5D4F00B58A28 /* ContentView.swift */ = {isa = PBXFileReference; lastKnownFileType = sourcecode.swift; path = ContentView.swift; sourceTree = "<group>"; };
/* End PBXFileReference section */

/* Begin PBXFrameworksBuildPhase section */
		9769AD22264275F800500F89 /* Frameworks */ = {
			isa = PBXFrameworksBuildPhase;
			buildActionMask = 2147483647;
			files = (
			);
			runOnlyForDeploymentPostprocessing = 0;
		};
/* End PBXFrameworksBuildPhase section */

/* Begin PBXGroup section */
		9769AD1C264275F700500F89 = {
			isa = PBXGroup;
			children = (
				9769AD27264275F800500F89 /* ticTacToeAI */,
				9769AD26264275F800500F89 /* Products */,
			);
			sourceTree = "<group>";
		};
		9769AD26264275F800500F89 /* Products */ = {
			isa = PBXGroup;
			children = (
				9769AD25264275F800500F89 /* ticTacToeAI.app */,
			);
			name = Products;
			sourceTree = "<group>";
		};
		9769AD27264275F800500F89 /* ticTacToeAI */ = {
			isa = PBXGroup;
			children = (
				9769AD28264275F800500F89 /* ticTacToeAIApp.swift */,
				978C130F264C5D4F00B58A28 /* ContentView.swift */,
				978C130D264C577400B58A28 /* selectDifficulty.swift */,
				9769AD2A264275F800500F89 /* GameView.swift */,
				9769AD3B2642B86E00500F89 /* enums.swift */,
				9769AD392642B65200500F89 /* GameViewModel.swift */,
				9769AD372642811D00500F89 /* Alerts.swift */,
				9769AD2C2642760700500F89 /* Assets.xcassets */,
				9769AD312642760700500F89 /* Info.plist */,
				9769AD2E2642760700500F89 /* Preview Content */,
			);
			path = ticTacToeAI;
			sourceTree = "<group>";
		};
		9769AD2E2642760700500F89 /* Preview Content */ = {
			isa = PBXGroup;
			children = (
				9769AD2F2642760700500F89 /* Preview Assets.xcassets */,
			);
			path = "Preview Content";
			sourceTree = "<group>";
		};
/* End PBXGroup section */

/* Begin PBXNativeTarget section */
		9769AD24264275F800500F89 /* ticTacToeAI */ = {
			isa = PBXNativeTarget;
			buildConfigurationList = 9769AD342642760800500F89 /* Build configuration list for PBXNativeTarget "ticTacToeAI" */;
			buildPhases = (
				9769AD21264275F800500F89 /* Sources */,
				9769AD22264275F800500F89 /* Frameworks */,
				9769AD23264275F800500F89 /* Resources */,
			);
			buildRules = (
			);
			dependencies = (
			);
			name = ticTacToeAI;
			productName = ticTacToeAI;
			productReference = 9769AD25264275F800500F89 /* ticTacToeAI.app */;
			productType = "com.apple.product-type.application";
		};
/* End PBXNativeTarget section */

/* Begin PBXProject section */
		9769AD1D264275F700500F89 /* Project object */ = {
			isa = PBXProject;
			attributes = {
				LastSwiftUpdateCheck = 1250;
				LastUpgradeCheck = 1250;
				TargetAttributes = {
					9769AD24264275F800500F89 = {
						CreatedOnToolsVersion = 12.5;
					};
				};
			};
			buildConfigurationList = 9769AD20264275F800500F89 /* Build configuration list for PBXProject "ticTacToeAI" */;
			compatibilityVersion = "Xcode 9.3";
			developmentRegion = en;
			hasScannedForEncodings = 0;
			knownRegions = (
				en,
				Base,
			);
			mainGroup = 9769AD1C264275F700500F89;
			productRefGroup = 9769AD26264275F800500F89 /* Products */;
			projectDirPath = "";
			projectRoot = "";
			targets = (
				9769AD24264275F800500F89 /* ticTacToeAI */,
			);
		};
/* End PBXProject section */

/* Begin PBXResourcesBuildPhase section */
		9769AD23264275F800500F89 /* Resources */ = {
			isa = PBXResourcesBuildPhase;
			buildActionMask = 2147483647;
			files = (
				9769AD302642760700500F89 /* Preview Assets.xcassets in Resources */,
				9769AD2D2642760700500F89 /* Assets.xcassets in Resources */,
			);
			runOnlyForDeploymentPostprocessing = 0;
		};
/* End PBXResourcesBuildPhase section */

/* Begin PBXSourcesBuildPhase section */
		9769AD21264275F800500F89 /* Sources */ = {
			isa = PBXSourcesBuildPhase;
			buildActionMask = 2147483647;
			files = (
				9769AD3A2642B65200500F89 /* GameViewModel.swift in Sources */,
				978C130E264C577400B58A28 /* selectDifficulty.swift in Sources */,
				978C1310264C5D4F00B58A28 /* ContentView.swift in Sources */,
				9769AD3C2642B86E00500F89 /* enums.swift in Sources */,
				9769AD2B264275F800500F89 /* GameView.swift in Sources */,
				9769AD382642811E00500F89 /* Alerts.swift in Sources */,
				9769AD29264275F800500F89 /* ticTacToeAIApp.swift in Sources */,
			);
			runOnlyForDeploymentPostprocessing = 0;
		};
/* End PBXSourcesBuildPhase section */

/* Begin XCBuildConfiguration section */
		9769AD322642760700500F89 /* Debug */ = {
			isa = XCBuildConfiguration;
			buildSettings = {
				ALWAYS_SEARCH_USER_PATHS = NO;
				CLANG_ANALYZER_NONNULL = YES;
				CLANG_ANALYZER_NUMBER_OBJECT_CONVERSION = YES_AGGRESSIVE;
				CLANG_CXX_LANGUAGE_STANDARD = "gnu++14";
				CLANG_CXX_LIBRARY = "libc++";
				CLANG_ENABLE_MODULES = YES;
				CLANG_ENABLE_OBJC_ARC = YES;
				CLANG_ENABLE_OBJC_WEAK = YES;
				CLANG_WARN_BLOCK_CAPTURE_AUTORELEASING = YES;
				CLANG_WARN_BOOL_CONVERSION = YES;
				CLANG_WARN_COMMA = YES;
				CLANG_WARN_CONSTANT_CONVERSION = YES;
				CLANG_WARN_DEPRECATED_OBJC_IMPLEMENTATIONS = YES;
				CLANG_WARN_DIRECT_OBJC_ISA_USAGE = YES_ERROR;
				CLANG_WARN_DOCUMENTATION_COMMENTS = YES;
				CLANG_WARN_EMPTY_BODY = YES;
				CLANG_WARN_ENUM_CONVERSION = YES;
				CLANG_WARN_INFINITE_RECURSION = YES;
				CLANG_WARN_INT_CONVERSION = YES;
				CLANG_WARN_NON_LITERAL_NULL_CONVERSION = YES;
				CLANG_WARN_OBJC_IMPLICIT_RETAIN_SELF = YES;
				CLANG_WARN_OBJC_LITERAL_CONVERSION = YES;
				CLANG_WARN_OBJC_ROOT_CLASS = YES_ERROR;
				CLANG_WARN_QUOTED_INCLUDE_IN_FRAMEWORK_HEADER = YES;
				CLANG_WARN_RANGE_LOOP_ANALYSIS = YES;
				CLANG_WARN_STRICT_PROTOTYPES = YES;
				CLANG_WARN_SUSPICIOUS_MOVE = YES;
				CLANG_WARN_UNGUARDED_AVAILABILITY = YES_AGGRESSIVE;
				CLANG_WARN_UNREACHABLE_CODE = YES;
				CLANG_WARN__DUPLICATE_METHOD_MATCH = YES;
				COPY_PHASE_STRIP = NO;
				DEBUG_INFORMATION_FORMAT = dwarf;
				ENABLE_STRICT_OBJC_MSGSEND = YES;
				ENABLE_TESTABILITY = YES;
				GCC_C_LANGUAGE_STANDARD = gnu11;
				GCC_DYNAMIC_NO_PIC = NO;
				GCC_NO_COMMON_BLOCKS = YES;
				GCC_OPTIMIZATION_LEVEL = 0;
				GCC_PREPROCESSOR_DEFINITIONS = (
					"DEBUG=1",
					"$(inherited)",
				);
				GCC_WARN_64_TO_32_BIT_CONVERSION = YES;
				GCC_WARN_ABOUT_RETURN_TYPE = YES_ERROR;
				GCC_WARN_UNDECLARED_SELECTOR = YES;
				GCC_WARN_UNINITIALIZED_AUTOS = YES_AGGRESSIVE;
				GCC_WARN_UNUSED_FUNCTION = YES;
				GCC_WARN_UNUSED_VARIABLE = YES;
				IPHONEOS_DEPLOYMENT_TARGET = 14.5;
				MTL_ENABLE_DEBUG_INFO = INCLUDE_SOURCE;
				MTL_FAST_MATH = YES;
				ONLY_ACTIVE_ARCH = YES;
				SDKROOT = iphoneos;
				SWIFT_ACTIVE_COMPILATION_CONDITIONS = DEBUG;
				SWIFT_OPTIMIZATION_LEVEL = "-Onone";
			};
			name = Debug;
		};
		9769AD332642760700500F89 /* Release */ = {
			isa = XCBuildConfiguration;
			buildSettings = {
				ALWAYS_SEARCH_USER_PATHS = NO;
				CLANG_ANALYZER_NONNULL = YES;
				CLANG_ANALYZER_NUMBER_OBJECT_CONVERSION = YES_AGGRESSIVE;
				CLANG_CXX_LANGUAGE_STANDARD = "gnu++14";
				CLANG_CXX_LIBRARY = "libc++";
				CLANG_ENABLE_MODULES = YES;
				CLANG_ENABLE_OBJC_ARC = YES;
				CLANG_ENABLE_OBJC_WEAK = YES;
				CLANG_WARN_BLOCK_CAPTURE_AUTORELEASING = YES;
				CLANG_WARN_BOOL_CONVERSION = YES;
				CLANG_WARN_COMMA = YES;
				CLANG_WARN_CONSTANT_CONVERSION = YES;
				CLANG_WARN_DEPRECATED_OBJC_IMPLEMENTATIONS = YES;
				CLANG_WARN_DIRECT_OBJC_ISA_USAGE = YES_ERROR;
				CLANG_WARN_DOCUMENTATION_COMMENTS = YES;
				CLANG_WARN_EMPTY_BODY = YES;
				CLANG_WARN_ENUM_CONVERSION = YES;
				CLANG_WARN_INFINITE_RECURSION = YES;
				CLANG_WARN_INT_CONVERSION = YES;
				CLANG_WARN_NON_LITERAL_NULL_CONVERSION = YES;
				CLANG_WARN_OBJC_IMPLICIT_RETAIN_SELF = YES;
				CLANG_WARN_OBJC_LITERAL_CONVERSION = YES;
				CLANG_WARN_OBJC_ROOT_CLASS = YES_ERROR;
				CLANG_WARN_QUOTED_INCLUDE_IN_FRAMEWORK_HEADER = YES;
				CLANG_WARN_RANGE_LOOP_ANALYSIS = YES;
				CLANG_WARN_STRICT_PROTOTYPES = YES;
				CLANG_WARN_SUSPICIOUS_MOVE = YES;
				CLANG_WARN_UNGUARDED_AVAILABILITY = YES_AGGRESSIVE;
				CLANG_WARN_UNREACHABLE_CODE = YES;
				CLANG_WARN__DUPLICATE_METHOD_MATCH = YES;
				COPY_PHASE_STRIP = NO;
				DEBUG_INFORMATION_FORMAT = "dwarf-with-dsym";
				ENABLE_NS_ASSERTIONS = NO;
				ENABLE_STRICT_OBJC_MSGSEND = YES;
				GCC_C_LANGUAGE_STANDARD = gnu11;
				GCC_NO_COMMON_BLOCKS = YES;
				GCC_WARN_64_TO_32_BIT_CONVERSION = YES;
				GCC_WARN_ABOUT_RETURN_TYPE = YES_ERROR;
				GCC_WARN_UNDECLARED_SELECTOR = YES;
				GCC_WARN_UNINITIALIZED_AUTOS = YES_AGGRESSIVE;
				GCC_WARN_UNUSED_FUNCTION = YES;
				GCC_WARN_UNUSED_VARIABLE = YES;
				IPHONEOS_DEPLOYMENT_TARGET = 14.5;
				MTL_ENABLE_DEBUG_INFO = NO;
				MTL_FAST_MATH = YES;
				SDKROOT = iphoneos;
				SWIFT_COMPILATION_MODE = wholemodule;
				SWIFT_OPTIMIZATION_LEVEL = "-O";
				VALIDATE_PRODUCT = YES;
			};
			name = Release;
		};
		9769AD352642760800500F89 /* Debug */ = {
			isa = XCBuildConfiguration;
			buildSettings = {
				ASSETCATALOG_COMPILER_APPICON_NAME = AppIcon;
				ASSETCATALOG_COMPILER_GLOBAL_ACCENT_COLOR_NAME = AccentColor;
				CODE_SIGN_STYLE = Automatic;
				DEVELOPMENT_ASSET_PATHS = "\"ticTacToeAI/Preview Content\"";
				DEVELOPMENT_TEAM = C89Y3B6NMY;
				ENABLE_PREVIEWS = YES;
				INFOPLIST_FILE = ticTacToeAI/Info.plist;
				IPHONEOS_DEPLOYMENT_TARGET = 14.0;
				LD_RUNPATH_SEARCH_PATHS = (
					"$(inherited)",
					"@executable_path/Frameworks",
				);
				PRODUCT_BUNDLE_IDENTIFIER = com.husalmous.ticTacToeAI;
				PRODUCT_NAME = "$(TARGET_NAME)";
				SWIFT_VERSION = 5.0;
				TARGETED_DEVICE_FAMILY = "1,2";
			};
			name = Debug;
		};
		9769AD362642760800500F89 /* Release */ = {
			isa = XCBuildConfiguration;
			buildSettings = {
				ASSETCATALOG_COMPILER_APPICON_NAME = AppIcon;
				ASSETCATALOG_COMPILER_GLOBAL_ACCENT_COLOR_NAME = AccentColor;
				CODE_SIGN_STYLE = Automatic;
				DEVELOPMENT_ASSET_PATHS = "\"ticTacToeAI/Preview Content\"";
				DEVELOPMENT_TEAM = C89Y3B6NMY;
				ENABLE_PREVIEWS = YES;
				INFOPLIST_FILE = ticTacToeAI/Info.plist;
				IPHONEOS_DEPLOYMENT_TARGET = 14.0;
				LD_RUNPATH_SEARCH_PATHS = (
					"$(inherited)",
					"@executable_path/Frameworks",
				);
				PRODUCT_BUNDLE_IDENTIFIER = com.husalmous.ticTacToeAI;
				PRODUCT_NAME = "$(TARGET_NAME)";
				SWIFT_VERSION = 5.0;
				TARGETED_DEVICE_FAMILY = "1,2";
			};
			name = Release;
		};
/* End XCBuildConfiguration section */

/* Begin XCConfigurationList section */
		9769AD20264275F800500F89 /* Build configuration list for PBXProject "ticTacToeAI" */ = {
			isa = XCConfigurationList;
			buildConfigurations = (
				9769AD322642760700500F89 /* Debug */,
				9769AD332642760700500F89 /* Release */,
			);
			defaultConfigurationIsVisible = 0;
			defaultConfigurationName = Release;
		};
		9769AD342642760800500F89 /* Build configuration list for PBXNativeTarget "ticTacToeAI" */ = {
			isa = XCConfigurationList;
			buildConfigurations = (
				9769AD352642760800500F89 /* Debug */,
				9769AD362642760800500F89 /* Release */,
			);
			defaultConfigurationIsVisible = 0;
			defaultConfigurationName = Release;
		};
/* End XCConfigurationList section */
	};
	rootObject = 9769AD1D264275F700500F89 /* Project object */;
}
